
Microsoft Visual Studio Solution File, Format Version 12.00
# Visual Studio Version 17
VisualStudioVersion = 17.6.33723.286
MinimumVisualStudioVersion = 10.0.40219.1
Project("{FAE04EC0-301F-11D3-BF4B-00C04F79EFBC}") = "SchoolHRAdministration", "SchoolHRAdministration\SchoolHRAdministration.csproj", "{34961F46-BB32-4599-9FDD-011E856363DF}"
EndProject
Project("{FAE04EC0-301F-11D3-BF4B-00C04F79EFBC}") = "HRAdministrationAPI", "HRAdministrationAPI\HRAdministrationAPI.csproj", "{8642257E-D59A-45F4-AB8F-3DDF0AA063E4}"
EndProject
Global
	GlobalSection(SolutionConfigurationPlatforms) = preSolution
		Debug|Any CPU = Debug|Any CPU
		Release|Any CPU = Release|Any CPU
	EndGlobalSection
	GlobalSection(ProjectConfigurationPlatforms) = postSolution
		{34961F46-BB32-4599-9FDD-011E856363DF}.Debug|Any CPU.ActiveCfg = Debug|Any CPU
		{34961F46-BB32-4599-9FDD-011E856363DF}.Debug|Any CPU.Build.0 = Debug|Any CPU
		{34961F46-BB32-4599-9FDD-011E856363DF}.Release|Any CPU.ActiveCfg = Release|Any CPU
		{34961F46-BB32-4599-9FDD-011E856363DF}.Release|Any CPU.Build.0 = Release|Any CPU
		{8642257E-D59A-45F4-AB8F-3DDF0AA063E4}.Debug|Any CPU.ActiveCfg = Debug|Any CPU
		{8642257E-D59A-45F4-AB8F-3DDF0AA063E4}.Debug|Any CPU.Build.0 = Debug|Any CPU
		{8642257E-D59A-45F4-AB8F-3DDF0AA063E4}.Release|Any CPU.ActiveCfg = Release|Any CPU
		{8642257E-D59A-45F4-AB8F-3DDF0AA063E4}.Release|Any CPU.Build.0 = Release|Any CPU
	EndGlobalSection
	GlobalSection(SolutionProperties) = preSolution
		HideSolutionNode = FALSE
	EndGlobalSection
	GlobalSection(ExtensibilityGlobals) = postSolution
		SolutionGuid = {ADD5662E-195D-4C3F-BFD4-A7A1238426CA}
	EndGlobalSection
EndGlobal
